
Microsoft Visual Studio Solution File, Format Version 12.00
# Visual Studio 2013
VisualStudioVersion = 12.0.30501.0
MinimumVisualStudioVersion = 10.0.40219.1
Project("{FAE04EC0-301F-11D3-BF4B-00C04F79EFBC}") = "LibPiCamCV", "source\LibPiCamCV\LibPiCamCV.csproj", "{9C3C3278-805B-43B2-9741-FD8A47575462}"
EndProject
Project("{FAE04EC0-301F-11D3-BF4B-00C04F79EFBC}") = "Console", "source\Console\Console.csproj", "{B699FF77-A5F6-41AA-A97A-2ADB1808F951}"
EndProject
Project("{2150E333-8FDC-42A3-9474-1A3956D46DE8}") = "Solution Items", "Solution Items", "{3963D42F-FE25-4B92-9F1E-543C79814344}"
	ProjectSection(SolutionItems) = preProject
		readme.md = readme.md
	EndProjectSection
EndProject
Project("{2150E333-8FDC-42A3-9474-1A3956D46DE8}") = "Build", "Build", "{F2DE9AA7-AFEC-4C62-A8C1-62D0E2FC2F9D}"
	ProjectSection(SolutionItems) = preProject
		build\post_build_get_unmanaged.cmd = build\post_build_get_unmanaged.cmd
	EndProjectSection
EndProject
Project("{2150E333-8FDC-42A3-9474-1A3956D46DE8}") = "Properties", "Properties", "{FC14FC6E-6B7E-4B22-99CA-C76DA212CDEF}"
	ProjectSection(SolutionItems) = preProject
		Solution Items\Properties\AssemblyInfo.cs = Solution Items\Properties\AssemblyInfo.cs
	EndProjectSection
EndProject
Project("{FAE04EC0-301F-11D3-BF4B-00C04F79EFBC}") = "WinForms", "source\WinForms\WinForms\WinForms.csproj", "{2010DDAE-3E19-4BAB-A3C8-6D5421324374}"
EndProject
Project("{FAE04EC0-301F-11D3-BF4B-00C04F79EFBC}") = "PiCamCV.Common", "source\PiCamCV.Common\PiCamCV.Common.csproj", "{233C04E5-2565-4E9C-AC8B-EEC462268CF8}"
EndProject
Project("{FAE04EC0-301F-11D3-BF4B-00C04F79EFBC}") = "RPi.Pwm", "..\RPi.Demo\src\RPi.Pwm\RPi.Pwm.csproj", "{552A044B-139F-4F45-96A0-0698A05C52D9}"
EndProject
Project("{2150E333-8FDC-42A3-9474-1A3956D46DE8}") = "Raspberry.IO", "Raspberry.IO", "{77EDE7DA-CF27-4550-B777-3239D7F23496}"
EndProject
Project("{FAE04EC0-301F-11D3-BF4B-00C04F79EFBC}") = "Raspberry.IO.Components", "..\raspberry-sharp-io\Raspberry.IO.Components\Raspberry.IO.Components.csproj", "{8388CFCA-E3DB-43F7-B049-2CB195211CE8}"
EndProject
Project("{2150E333-8FDC-42A3-9474-1A3956D46DE8}") = "External", "External", "{D01CD62D-7040-43EA-B455-C481F69D9E8D}"
EndProject
Project("{FAE04EC0-301F-11D3-BF4B-00C04F79EFBC}") = "Raspberry.IO.GeneralPurpose", "..\raspberry-sharp-io\Raspberry.IO.GeneralPurpose\Raspberry.IO.GeneralPurpose.csproj", "{281C71ED-C36D-408E-8BAA-75C381DC17E7}"
EndProject
Project("{FAE04EC0-301F-11D3-BF4B-00C04F79EFBC}") = "Raspberry.IO.InterIntegratedCircuit", "..\raspberry-sharp-io\Raspberry.IO.InterIntegratedCircuit\Raspberry.IO.InterIntegratedCircuit.csproj", "{63B8403E-BC56-43F9-A045-F61ECC3871F3}"
EndProject
Project("{FAE04EC0-301F-11D3-BF4B-00C04F79EFBC}") = "Raspberry.IO.SerialPeripheralInterface", "..\raspberry-sharp-io\Raspberry.IO.SerialPeripheralInterface\Raspberry.IO.SerialPeripheralInterface.csproj", "{326342E5-0411-40E8-9F2D-563D6B192568}"
EndProject
Project("{2150E333-8FDC-42A3-9474-1A3956D46DE8}") = "RPi.Demo", "RPi.Demo", "{6F830243-359A-48B3-8923-E15828EE8545}"
EndProject
Project("{FAE04EC0-301F-11D3-BF4B-00C04F79EFBC}") = "RPi.Comms", "..\RPi.Demo\src\RPi.Comms\RPi.Comms.csproj", "{AEECAE23-D46E-4F64-91B3-C0B50BC2483E}"
EndProject
Global
	GlobalSection(SolutionConfigurationPlatforms) = preSolution
		Debug|Any CPU = Debug|Any CPU
		Release|Any CPU = Release|Any CPU
		UnixDebug|Any CPU = UnixDebug|Any CPU
	EndGlobalSection
	GlobalSection(ProjectConfigurationPlatforms) = postSolution
		{9C3C3278-805B-43B2-9741-FD8A47575462}.Debug|Any CPU.ActiveCfg = Debug|Any CPU
		{9C3C3278-805B-43B2-9741-FD8A47575462}.Debug|Any CPU.Build.0 = Debug|Any CPU
		{9C3C3278-805B-43B2-9741-FD8A47575462}.Release|Any CPU.ActiveCfg = Release|Any CPU
		{9C3C3278-805B-43B2-9741-FD8A47575462}.Release|Any CPU.Build.0 = Release|Any CPU
		{9C3C3278-805B-43B2-9741-FD8A47575462}.UnixDebug|Any CPU.ActiveCfg = UnixDebug|Any CPU
		{9C3C3278-805B-43B2-9741-FD8A47575462}.UnixDebug|Any CPU.Build.0 = UnixDebug|Any CPU
		{B699FF77-A5F6-41AA-A97A-2ADB1808F951}.Debug|Any CPU.ActiveCfg = Debug|Any CPU
		{B699FF77-A5F6-41AA-A97A-2ADB1808F951}.Debug|Any CPU.Build.0 = Debug|Any CPU
		{B699FF77-A5F6-41AA-A97A-2ADB1808F951}.Release|Any CPU.ActiveCfg = Release|Any CPU
		{B699FF77-A5F6-41AA-A97A-2ADB1808F951}.Release|Any CPU.Build.0 = Release|Any CPU
		{B699FF77-A5F6-41AA-A97A-2ADB1808F951}.UnixDebug|Any CPU.ActiveCfg = Debug|Any CPU
		{B699FF77-A5F6-41AA-A97A-2ADB1808F951}.UnixDebug|Any CPU.Build.0 = Debug|Any CPU
		{2010DDAE-3E19-4BAB-A3C8-6D5421324374}.Debug|Any CPU.ActiveCfg = Debug|Any CPU
		{2010DDAE-3E19-4BAB-A3C8-6D5421324374}.Debug|Any CPU.Build.0 = Debug|Any CPU
		{2010DDAE-3E19-4BAB-A3C8-6D5421324374}.Release|Any CPU.ActiveCfg = Release|Any CPU
		{2010DDAE-3E19-4BAB-A3C8-6D5421324374}.Release|Any CPU.Build.0 = Release|Any CPU
		{2010DDAE-3E19-4BAB-A3C8-6D5421324374}.UnixDebug|Any CPU.ActiveCfg = Debug|Any CPU
		{2010DDAE-3E19-4BAB-A3C8-6D5421324374}.UnixDebug|Any CPU.Build.0 = Debug|Any CPU
		{233C04E5-2565-4E9C-AC8B-EEC462268CF8}.Debug|Any CPU.ActiveCfg = Debug|Any CPU
		{233C04E5-2565-4E9C-AC8B-EEC462268CF8}.Debug|Any CPU.Build.0 = Debug|Any CPU
		{233C04E5-2565-4E9C-AC8B-EEC462268CF8}.Release|Any CPU.ActiveCfg = Release|Any CPU
		{233C04E5-2565-4E9C-AC8B-EEC462268CF8}.Release|Any CPU.Build.0 = Release|Any CPU
		{233C04E5-2565-4E9C-AC8B-EEC462268CF8}.UnixDebug|Any CPU.ActiveCfg = Debug|Any CPU
		{233C04E5-2565-4E9C-AC8B-EEC462268CF8}.UnixDebug|Any CPU.Build.0 = Debug|Any CPU
		{552A044B-139F-4F45-96A0-0698A05C52D9}.Debug|Any CPU.ActiveCfg = Debug|Any CPU
		{552A044B-139F-4F45-96A0-0698A05C52D9}.Debug|Any CPU.Build.0 = Debug|Any CPU
		{552A044B-139F-4F45-96A0-0698A05C52D9}.Release|Any CPU.ActiveCfg = Release|Any CPU
		{552A044B-139F-4F45-96A0-0698A05C52D9}.Release|Any CPU.Build.0 = Release|Any CPU
		{552A044B-139F-4F45-96A0-0698A05C52D9}.UnixDebug|Any CPU.ActiveCfg = Debug|Any CPU
		{552A044B-139F-4F45-96A0-0698A05C52D9}.UnixDebug|Any CPU.Build.0 = Debug|Any CPU
		{8388CFCA-E3DB-43F7-B049-2CB195211CE8}.Debug|Any CPU.ActiveCfg = Debug|Any CPU
		{8388CFCA-E3DB-43F7-B049-2CB195211CE8}.Debug|Any CPU.Build.0 = Debug|Any CPU
		{8388CFCA-E3DB-43F7-B049-2CB195211CE8}.Release|Any CPU.ActiveCfg = Release|Any CPU
		{8388CFCA-E3DB-43F7-B049-2CB195211CE8}.Release|Any CPU.Build.0 = Release|Any CPU
		{8388CFCA-E3DB-43F7-B049-2CB195211CE8}.UnixDebug|Any CPU.ActiveCfg = Debug|Any CPU
		{8388CFCA-E3DB-43F7-B049-2CB195211CE8}.UnixDebug|Any CPU.Build.0 = Debug|Any CPU
		{281C71ED-C36D-408E-8BAA-75C381DC17E7}.Debug|Any CPU.ActiveCfg = Debug|Any CPU
		{281C71ED-C36D-408E-8BAA-75C381DC17E7}.Debug|Any CPU.Build.0 = Debug|Any CPU
		{281C71ED-C36D-408E-8BAA-75C381DC17E7}.Release|Any CPU.ActiveCfg = Release|Any CPU
		{281C71ED-C36D-408E-8BAA-75C381DC17E7}.Release|Any CPU.Build.0 = Release|Any CPU
		{281C71ED-C36D-408E-8BAA-75C381DC17E7}.UnixDebug|Any CPU.ActiveCfg = Debug|Any CPU
		{281C71ED-C36D-408E-8BAA-75C381DC17E7}.UnixDebug|Any CPU.Build.0 = Debug|Any CPU
		{63B8403E-BC56-43F9-A045-F61ECC3871F3}.Debug|Any CPU.ActiveCfg = Debug|Any CPU
		{63B8403E-BC56-43F9-A045-F61ECC3871F3}.Debug|Any CPU.Build.0 = Debug|Any CPU
		{63B8403E-BC56-43F9-A045-F61ECC3871F3}.Release|Any CPU.ActiveCfg = Release|Any CPU
		{63B8403E-BC56-43F9-A045-F61ECC3871F3}.Release|Any CPU.Build.0 = Release|Any CPU
		{63B8403E-BC56-43F9-A045-F61ECC3871F3}.UnixDebug|Any CPU.ActiveCfg = Debug|Any CPU
		{63B8403E-BC56-43F9-A045-F61ECC3871F3}.UnixDebug|Any CPU.Build.0 = Debug|Any CPU
		{326342E5-0411-40E8-9F2D-563D6B192568}.Debug|Any CPU.ActiveCfg = Debug|Any CPU
		{326342E5-0411-40E8-9F2D-563D6B192568}.Debug|Any CPU.Build.0 = Debug|Any CPU
		{326342E5-0411-40E8-9F2D-563D6B192568}.Release|Any CPU.ActiveCfg = Release|Any CPU
		{326342E5-0411-40E8-9F2D-563D6B192568}.Release|Any CPU.Build.0 = Release|Any CPU
		{326342E5-0411-40E8-9F2D-563D6B192568}.UnixDebug|Any CPU.ActiveCfg = Debug|Any CPU
		{326342E5-0411-40E8-9F2D-563D6B192568}.UnixDebug|Any CPU.Build.0 = Debug|Any CPU
		{AEECAE23-D46E-4F64-91B3-C0B50BC2483E}.Debug|Any CPU.ActiveCfg = Debug|Any CPU
		{AEECAE23-D46E-4F64-91B3-C0B50BC2483E}.Debug|Any CPU.Build.0 = Debug|Any CPU
		{AEECAE23-D46E-4F64-91B3-C0B50BC2483E}.Release|Any CPU.ActiveCfg = Release|Any CPU
		{AEECAE23-D46E-4F64-91B3-C0B50BC2483E}.Release|Any CPU.Build.0 = Release|Any CPU
		{AEECAE23-D46E-4F64-91B3-C0B50BC2483E}.UnixDebug|Any CPU.ActiveCfg = Debug|Any CPU
		{AEECAE23-D46E-4F64-91B3-C0B50BC2483E}.UnixDebug|Any CPU.Build.0 = Debug|Any CPU
	EndGlobalSection
	GlobalSection(SolutionProperties) = preSolution
		HideSolutionNode = FALSE
	EndGlobalSection
	GlobalSection(NestedProjects) = preSolution
		{FC14FC6E-6B7E-4B22-99CA-C76DA212CDEF} = {3963D42F-FE25-4B92-9F1E-543C79814344}
		{552A044B-139F-4F45-96A0-0698A05C52D9} = {6F830243-359A-48B3-8923-E15828EE8545}
		{77EDE7DA-CF27-4550-B777-3239D7F23496} = {D01CD62D-7040-43EA-B455-C481F69D9E8D}
		{8388CFCA-E3DB-43F7-B049-2CB195211CE8} = {77EDE7DA-CF27-4550-B777-3239D7F23496}
		{281C71ED-C36D-408E-8BAA-75C381DC17E7} = {77EDE7DA-CF27-4550-B777-3239D7F23496}
		{63B8403E-BC56-43F9-A045-F61ECC3871F3} = {77EDE7DA-CF27-4550-B777-3239D7F23496}
		{326342E5-0411-40E8-9F2D-563D6B192568} = {77EDE7DA-CF27-4550-B777-3239D7F23496}
		{6F830243-359A-48B3-8923-E15828EE8545} = {D01CD62D-7040-43EA-B455-C481F69D9E8D}
		{AEECAE23-D46E-4F64-91B3-C0B50BC2483E} = {6F830243-359A-48B3-8923-E15828EE8545}
	EndGlobalSection
EndGlobal
